
Microsoft Visual Studio Solution File, Format Version 12.00
# Visual Studio Version 16
VisualStudioVersion = 16.0.29728.190
MinimumVisualStudioVersion = 10.0.40219.1
Project("{FAE04EC0-301F-11D3-BF4B-00C04F79EFBC}") = "Common", "Common\Common.csproj", "{41F506DD-503A-4DE8-9C46-1D8C0BD8FF68}"
EndProject
Project("{FAE04EC0-301F-11D3-BF4B-00C04F79EFBC}") = "NMS", "NMS\NMS.csproj", "{0A45485E-20D1-47C9-ABF5-E17AC17197B8}"
EndProject
Project("{FAE04EC0-301F-11D3-BF4B-00C04F79EFBC}") = "CIMParser", "CIMParser\CIMParser.csproj", "{3C03A41C-BE4C-40A8-97D5-5DBAC0C34102}"
EndProject
Project("{FAE04EC0-301F-11D3-BF4B-00C04F79EFBC}") = "Importer", "Importer\Importer.csproj", "{9A33B236-1A21-4982-9602-0BA230D6A7EE}"
EndProject
Project("{FAE04EC0-301F-11D3-BF4B-00C04F79EFBC}") = "TransactionManager", "TransactionManager\TransactionManager.csproj", "{5031B196-5DD9-4C68-AE99-86322D513B15}"
EndProject
Project("{FAE04EC0-301F-11D3-BF4B-00C04F79EFBC}") = "GUI", "GUI\GUI.csproj", "{660B43DE-9559-4775-B7A2-B0E5434BDCEC}"
EndProject
Project("{FAE04EC0-301F-11D3-BF4B-00C04F79EFBC}") = "PubSub", "PubSub\PubSub.csproj", "{7183BE52-5402-40D5-AD38-42743392089A}"
EndProject
Project("{FAE04EC0-301F-11D3-BF4B-00C04F79EFBC}") = "SCADA", "SCADA\SCADA.csproj", "{DAB2BD22-5C29-4005-B86E-4BF898699107}"
EndProject
Project("{FAE04EC0-301F-11D3-BF4B-00C04F79EFBC}") = "SCADASim", "SCADASim\SCADASim.csproj", "{29944EAD-70E0-479C-B3A3-E2FC114C31C1}"
EndProject
Project("{FAE04EC0-301F-11D3-BF4B-00C04F79EFBC}") = "CalculationEngine", "CalculationEngine\CalculationEngine.csproj", "{C6298081-C718-47DF-A943-C344D43BAF7E}"
EndProject
Global
	GlobalSection(SolutionConfigurationPlatforms) = preSolution
		Debug|Any CPU = Debug|Any CPU
		Debug|x64 = Debug|x64
		Debug|x86 = Debug|x86
		Release|Any CPU = Release|Any CPU
		Release|x64 = Release|x64
		Release|x86 = Release|x86
	EndGlobalSection
	GlobalSection(ProjectConfigurationPlatforms) = postSolution
		{41F506DD-503A-4DE8-9C46-1D8C0BD8FF68}.Debug|Any CPU.ActiveCfg = Debug|Any CPU
		{41F506DD-503A-4DE8-9C46-1D8C0BD8FF68}.Debug|Any CPU.Build.0 = Debug|Any CPU
		{41F506DD-503A-4DE8-9C46-1D8C0BD8FF68}.Debug|x64.ActiveCfg = Debug|Any CPU
		{41F506DD-503A-4DE8-9C46-1D8C0BD8FF68}.Debug|x64.Build.0 = Debug|Any CPU
		{41F506DD-503A-4DE8-9C46-1D8C0BD8FF68}.Debug|x86.ActiveCfg = Debug|Any CPU
		{41F506DD-503A-4DE8-9C46-1D8C0BD8FF68}.Debug|x86.Build.0 = Debug|Any CPU
		{41F506DD-503A-4DE8-9C46-1D8C0BD8FF68}.Release|Any CPU.ActiveCfg = Release|Any CPU
		{41F506DD-503A-4DE8-9C46-1D8C0BD8FF68}.Release|Any CPU.Build.0 = Release|Any CPU
		{41F506DD-503A-4DE8-9C46-1D8C0BD8FF68}.Release|x64.ActiveCfg = Release|Any CPU
		{41F506DD-503A-4DE8-9C46-1D8C0BD8FF68}.Release|x64.Build.0 = Release|Any CPU
		{41F506DD-503A-4DE8-9C46-1D8C0BD8FF68}.Release|x86.ActiveCfg = Release|Any CPU
		{41F506DD-503A-4DE8-9C46-1D8C0BD8FF68}.Release|x86.Build.0 = Release|Any CPU
		{0A45485E-20D1-47C9-ABF5-E17AC17197B8}.Debug|Any CPU.ActiveCfg = Debug|Any CPU
		{0A45485E-20D1-47C9-ABF5-E17AC17197B8}.Debug|Any CPU.Build.0 = Debug|Any CPU
		{0A45485E-20D1-47C9-ABF5-E17AC17197B8}.Debug|x64.ActiveCfg = Debug|Any CPU
		{0A45485E-20D1-47C9-ABF5-E17AC17197B8}.Debug|x64.Build.0 = Debug|Any CPU
		{0A45485E-20D1-47C9-ABF5-E17AC17197B8}.Debug|x86.ActiveCfg = Debug|Any CPU
		{0A45485E-20D1-47C9-ABF5-E17AC17197B8}.Debug|x86.Build.0 = Debug|Any CPU
		{0A45485E-20D1-47C9-ABF5-E17AC17197B8}.Release|Any CPU.ActiveCfg = Release|Any CPU
		{0A45485E-20D1-47C9-ABF5-E17AC17197B8}.Release|Any CPU.Build.0 = Release|Any CPU
		{0A45485E-20D1-47C9-ABF5-E17AC17197B8}.Release|x64.ActiveCfg = Release|Any CPU
		{0A45485E-20D1-47C9-ABF5-E17AC17197B8}.Release|x64.Build.0 = Release|Any CPU
		{0A45485E-20D1-47C9-ABF5-E17AC17197B8}.Release|x86.ActiveCfg = Release|Any CPU
		{0A45485E-20D1-47C9-ABF5-E17AC17197B8}.Release|x86.Build.0 = Release|Any CPU
		{3C03A41C-BE4C-40A8-97D5-5DBAC0C34102}.Debug|Any CPU.ActiveCfg = Debug|Any CPU
		{3C03A41C-BE4C-40A8-97D5-5DBAC0C34102}.Debug|Any CPU.Build.0 = Debug|Any CPU
		{3C03A41C-BE4C-40A8-97D5-5DBAC0C34102}.Debug|x64.ActiveCfg = Debug|Any CPU
		{3C03A41C-BE4C-40A8-97D5-5DBAC0C34102}.Debug|x86.ActiveCfg = Debug|Any CPU
		{3C03A41C-BE4C-40A8-97D5-5DBAC0C34102}.Release|Any CPU.ActiveCfg = Release|Any CPU
		{3C03A41C-BE4C-40A8-97D5-5DBAC0C34102}.Release|Any CPU.Build.0 = Release|Any CPU
		{3C03A41C-BE4C-40A8-97D5-5DBAC0C34102}.Release|x64.ActiveCfg = Release|Any CPU
		{3C03A41C-BE4C-40A8-97D5-5DBAC0C34102}.Release|x86.ActiveCfg = Release|Any CPU
		{9A33B236-1A21-4982-9602-0BA230D6A7EE}.Debug|Any CPU.ActiveCfg = Debug|Any CPU
		{9A33B236-1A21-4982-9602-0BA230D6A7EE}.Debug|Any CPU.Build.0 = Debug|Any CPU
		{9A33B236-1A21-4982-9602-0BA230D6A7EE}.Debug|x64.ActiveCfg = Debug|Any CPU
		{9A33B236-1A21-4982-9602-0BA230D6A7EE}.Debug|x64.Build.0 = Debug|Any CPU
		{9A33B236-1A21-4982-9602-0BA230D6A7EE}.Debug|x86.ActiveCfg = Debug|Any CPU
		{9A33B236-1A21-4982-9602-0BA230D6A7EE}.Debug|x86.Build.0 = Debug|Any CPU
		{9A33B236-1A21-4982-9602-0BA230D6A7EE}.Release|Any CPU.ActiveCfg = Release|Any CPU
		{9A33B236-1A21-4982-9602-0BA230D6A7EE}.Release|Any CPU.Build.0 = Release|Any CPU
		{9A33B236-1A21-4982-9602-0BA230D6A7EE}.Release|x64.ActiveCfg = Release|Any CPU
		{9A33B236-1A21-4982-9602-0BA230D6A7EE}.Release|x64.Build.0 = Release|Any CPU
		{9A33B236-1A21-4982-9602-0BA230D6A7EE}.Release|x86.ActiveCfg = Release|Any CPU
		{9A33B236-1A21-4982-9602-0BA230D6A7EE}.Release|x86.Build.0 = Release|Any CPU
		{5031B196-5DD9-4C68-AE99-86322D513B15}.Debug|Any CPU.ActiveCfg = Debug|Any CPU
		{5031B196-5DD9-4C68-AE99-86322D513B15}.Debug|Any CPU.Build.0 = Debug|Any CPU
		{5031B196-5DD9-4C68-AE99-86322D513B15}.Debug|x64.ActiveCfg = Debug|Any CPU
		{5031B196-5DD9-4C68-AE99-86322D513B15}.Debug|x64.Build.0 = Debug|Any CPU
		{5031B196-5DD9-4C68-AE99-86322D513B15}.Debug|x86.ActiveCfg = Debug|Any CPU
		{5031B196-5DD9-4C68-AE99-86322D513B15}.Debug|x86.Build.0 = Debug|Any CPU
		{5031B196-5DD9-4C68-AE99-86322D513B15}.Release|Any CPU.ActiveCfg = Release|Any CPU
		{5031B196-5DD9-4C68-AE99-86322D513B15}.Release|Any CPU.Build.0 = Release|Any CPU
		{5031B196-5DD9-4C68-AE99-86322D513B15}.Release|x64.ActiveCfg = Release|Any CPU
		{5031B196-5DD9-4C68-AE99-86322D513B15}.Release|x64.Build.0 = Release|Any CPU
		{5031B196-5DD9-4C68-AE99-86322D513B15}.Release|x86.ActiveCfg = Release|Any CPU
		{5031B196-5DD9-4C68-AE99-86322D513B15}.Release|x86.Build.0 = Release|Any CPU
		{660B43DE-9559-4775-B7A2-B0E5434BDCEC}.Debug|Any CPU.ActiveCfg = Debug|Any CPU
		{660B43DE-9559-4775-B7A2-B0E5434BDCEC}.Debug|Any CPU.Build.0 = Debug|Any CPU
		{660B43DE-9559-4775-B7A2-B0E5434BDCEC}.Debug|x64.ActiveCfg = Debug|Any CPU
		{660B43DE-9559-4775-B7A2-B0E5434BDCEC}.Debug|x64.Build.0 = Debug|Any CPU
		{660B43DE-9559-4775-B7A2-B0E5434BDCEC}.Debug|x86.ActiveCfg = Debug|Any CPU
		{660B43DE-9559-4775-B7A2-B0E5434BDCEC}.Debug|x86.Build.0 = Debug|Any CPU
		{660B43DE-9559-4775-B7A2-B0E5434BDCEC}.Release|Any CPU.ActiveCfg = Release|Any CPU
		{660B43DE-9559-4775-B7A2-B0E5434BDCEC}.Release|Any CPU.Build.0 = Release|Any CPU
		{660B43DE-9559-4775-B7A2-B0E5434BDCEC}.Release|x64.ActiveCfg = Release|Any CPU
		{660B43DE-9559-4775-B7A2-B0E5434BDCEC}.Release|x64.Build.0 = Release|Any CPU
		{660B43DE-9559-4775-B7A2-B0E5434BDCEC}.Release|x86.ActiveCfg = Release|Any CPU
		{660B43DE-9559-4775-B7A2-B0E5434BDCEC}.Release|x86.Build.0 = Release|Any CPU
		{7183BE52-5402-40D5-AD38-42743392089A}.Debug|Any CPU.ActiveCfg = Debug|Any CPU
		{7183BE52-5402-40D5-AD38-42743392089A}.Debug|Any CPU.Build.0 = Debug|Any CPU
		{7183BE52-5402-40D5-AD38-42743392089A}.Debug|x64.ActiveCfg = Debug|Any CPU
		{7183BE52-5402-40D5-AD38-42743392089A}.Debug|x64.Build.0 = Debug|Any CPU
		{7183BE52-5402-40D5-AD38-42743392089A}.Debug|x86.ActiveCfg = Debug|Any CPU
		{7183BE52-5402-40D5-AD38-42743392089A}.Debug|x86.Build.0 = Debug|Any CPU
		{7183BE52-5402-40D5-AD38-42743392089A}.Release|Any CPU.ActiveCfg = Release|Any CPU
		{7183BE52-5402-40D5-AD38-42743392089A}.Release|Any CPU.Build.0 = Release|Any CPU
		{7183BE52-5402-40D5-AD38-42743392089A}.Release|x64.ActiveCfg = Release|Any CPU
		{7183BE52-5402-40D5-AD38-42743392089A}.Release|x64.Build.0 = Release|Any CPU
		{7183BE52-5402-40D5-AD38-42743392089A}.Release|x86.ActiveCfg = Release|Any CPU
		{7183BE52-5402-40D5-AD38-42743392089A}.Release|x86.Build.0 = Release|Any CPU
		{DAB2BD22-5C29-4005-B86E-4BF898699107}.Debug|Any CPU.ActiveCfg = Debug|Any CPU
		{DAB2BD22-5C29-4005-B86E-4BF898699107}.Debug|Any CPU.Build.0 = Debug|Any CPU
		{DAB2BD22-5C29-4005-B86E-4BF898699107}.Debug|x64.ActiveCfg = Debug|Any CPU
		{DAB2BD22-5C29-4005-B86E-4BF898699107}.Debug|x64.Build.0 = Debug|Any CPU
		{DAB2BD22-5C29-4005-B86E-4BF898699107}.Debug|x86.ActiveCfg = Debug|Any CPU
		{DAB2BD22-5C29-4005-B86E-4BF898699107}.Debug|x86.Build.0 = Debug|Any CPU
		{DAB2BD22-5C29-4005-B86E-4BF898699107}.Release|Any CPU.ActiveCfg = Release|Any CPU
		{DAB2BD22-5C29-4005-B86E-4BF898699107}.Release|Any CPU.Build.0 = Release|Any CPU
		{DAB2BD22-5C29-4005-B86E-4BF898699107}.Release|x64.ActiveCfg = Release|Any CPU
		{DAB2BD22-5C29-4005-B86E-4BF898699107}.Release|x64.Build.0 = Release|Any CPU
		{DAB2BD22-5C29-4005-B86E-4BF898699107}.Release|x86.ActiveCfg = Release|Any CPU
		{DAB2BD22-5C29-4005-B86E-4BF898699107}.Release|x86.Build.0 = Release|Any CPU
		{29944EAD-70E0-479C-B3A3-E2FC114C31C1}.Debug|Any CPU.ActiveCfg = Debug|Any CPU
		{29944EAD-70E0-479C-B3A3-E2FC114C31C1}.Debug|Any CPU.Build.0 = Debug|Any CPU
		{29944EAD-70E0-479C-B3A3-E2FC114C31C1}.Debug|x64.ActiveCfg = Debug|Any CPU
		{29944EAD-70E0-479C-B3A3-E2FC114C31C1}.Debug|x64.Build.0 = Debug|Any CPU
		{29944EAD-70E0-479C-B3A3-E2FC114C31C1}.Debug|x86.ActiveCfg = Debug|Any CPU
		{29944EAD-70E0-479C-B3A3-E2FC114C31C1}.Debug|x86.Build.0 = Debug|Any CPU
		{29944EAD-70E0-479C-B3A3-E2FC114C31C1}.Release|Any CPU.ActiveCfg = Release|Any CPU
		{29944EAD-70E0-479C-B3A3-E2FC114C31C1}.Release|Any CPU.Build.0 = Release|Any CPU
		{29944EAD-70E0-479C-B3A3-E2FC114C31C1}.Release|x64.ActiveCfg = Release|Any CPU
		{29944EAD-70E0-479C-B3A3-E2FC114C31C1}.Release|x64.Build.0 = Release|Any CPU
		{29944EAD-70E0-479C-B3A3-E2FC114C31C1}.Release|x86.ActiveCfg = Release|Any CPU
		{29944EAD-70E0-479C-B3A3-E2FC114C31C1}.Release|x86.Build.0 = Release|Any CPU
		{C6298081-C718-47DF-A943-C344D43BAF7E}.Debug|Any CPU.ActiveCfg = Debug|Any CPU
		{C6298081-C718-47DF-A943-C344D43BAF7E}.Debug|Any CPU.Build.0 = Debug|Any CPU
		{C6298081-C718-47DF-A943-C344D43BAF7E}.Debug|x64.ActiveCfg = Debug|Any CPU
		{C6298081-C718-47DF-A943-C344D43BAF7E}.Debug|x64.Build.0 = Debug|Any CPU
		{C6298081-C718-47DF-A943-C344D43BAF7E}.Debug|x86.ActiveCfg = Debug|Any CPU
		{C6298081-C718-47DF-A943-C344D43BAF7E}.Debug|x86.Build.0 = Debug|Any CPU
		{C6298081-C718-47DF-A943-C344D43BAF7E}.Release|Any CPU.ActiveCfg = Release|Any CPU
		{C6298081-C718-47DF-A943-C344D43BAF7E}.Release|Any CPU.Build.0 = Release|Any CPU
		{C6298081-C718-47DF-A943-C344D43BAF7E}.Release|x64.ActiveCfg = Release|Any CPU
		{C6298081-C718-47DF-A943-C344D43BAF7E}.Release|x64.Build.0 = Release|Any CPU
		{C6298081-C718-47DF-A943-C344D43BAF7E}.Release|x86.ActiveCfg = Release|Any CPU
		{C6298081-C718-47DF-A943-C344D43BAF7E}.Release|x86.Build.0 = Release|Any CPU
	EndGlobalSection
	GlobalSection(SolutionProperties) = preSolution
		HideSolutionNode = FALSE
	EndGlobalSection
	GlobalSection(ExtensibilityGlobals) = postSolution
		SolutionGuid = {65E1617F-DC08-4C86-AD3A-EA4DB61AC8E1}
	EndGlobalSection
EndGlobal
