
Microsoft Visual Studio Solution File, Format Version 12.00
# Visual Studio Version 16
VisualStudioVersion = 16.0.29728.190
MinimumVisualStudioVersion = 10.0.40219.1
Project("{FAE04EC0-301F-11D3-BF4B-00C04F79EFBC}") = "Common", "Common\Common.csproj", "{41F506DD-503A-4DE8-9C46-1D8C0BD8FF68}"
EndProject
Project("{FAE04EC0-301F-11D3-BF4B-00C04F79EFBC}") = "NMS", "NMS\NMS.csproj", "{0A45485E-20D1-47C9-ABF5-E17AC17197B8}"
EndProject
Project("{FAE04EC0-301F-11D3-BF4B-00C04F79EFBC}") = "CIMParser", "CIMParser\CIMParser.csproj", "{3C03A41C-BE4C-40A8-97D5-5DBAC0C34102}"
EndProject
Project("{FAE04EC0-301F-11D3-BF4B-00C04F79EFBC}") = "Importer", "Importer\Importer.csproj", "{9A33B236-1A21-4982-9602-0BA230D6A7EE}"
EndProject
Project("{2150E333-8FDC-42A3-9474-1A3956D46DE8}") = "SCADA", "SCADA", "{4C026661-3E3D-4A83-9B86-09358775DF18}"
EndProject
Project("{FAE04EC0-301F-11D3-BF4B-00C04F79EFBC}") = "SCADA_Service", "SCADA_Service\SCADA_Service.csproj", "{F60241E7-BFCA-424F-BA65-132B66AEE6E3}"
EndProject
Project("{FAE04EC0-301F-11D3-BF4B-00C04F79EFBC}") = "Modbus", "Modbus\Modbus.csproj", "{1FD62E42-FA68-4529-A8A8-815D25CBEDC3}"
EndProject
Project("{FAE04EC0-301F-11D3-BF4B-00C04F79EFBC}") = "SCADA_Client", "SCADA_Client\SCADA_Client.csproj", "{379D64B2-8E24-442B-9ED7-6A34B371807A}"
EndProject
Project("{FAE04EC0-301F-11D3-BF4B-00C04F79EFBC}") = "SCADA_Common", "SCADA_Common\SCADA_Common.csproj", "{1CB31C28-5927-48DB-B837-AC1C0EBFE9CB}"
EndProject
Project("{FAE04EC0-301F-11D3-BF4B-00C04F79EFBC}") = "ProcessingModule", "ProcessingModule\ProcessingModule.csproj", "{852235A1-15DB-4BE8-9FB2-DD79AB32D51E}"
EndProject
Project("{FAE04EC0-301F-11D3-BF4B-00C04F79EFBC}") = "SCADA_Host", "SCADA_Host\SCADA_Host.csproj", "{E79B52AD-0892-4DC1-B266-26AAD998917D}"
EndProject
Project("{2150E333-8FDC-42A3-9474-1A3956D46DE8}") = "PubSub", "PubSub", "{8E3F389B-4200-4C96-B539-856AD2C5EBED}"
EndProject
Project("{FAE04EC0-301F-11D3-BF4B-00C04F79EFBC}") = "Messages", "Messages\Messages.csproj", "{BF91D7A7-E09C-4405-A975-D75CA2C0C1E7}"
EndProject
Project("{FAE04EC0-301F-11D3-BF4B-00C04F79EFBC}") = "TransactionManager", "TransactionManager\TransactionManager.csproj", "{5031B196-5DD9-4C68-AE99-86322D513B15}"
EndProject
Project("{FAE04EC0-301F-11D3-BF4B-00C04F79EFBC}") = "GUI", "GUI\GUI.csproj", "{660B43DE-9559-4775-B7A2-B0E5434BDCEC}"
EndProject
Global
	GlobalSection(SolutionConfigurationPlatforms) = preSolution
		Debug|Any CPU = Debug|Any CPU
		Debug|x64 = Debug|x64
		Debug|x86 = Debug|x86
		Release|Any CPU = Release|Any CPU
		Release|x64 = Release|x64
		Release|x86 = Release|x86
	EndGlobalSection
	GlobalSection(ProjectConfigurationPlatforms) = postSolution
		{41F506DD-503A-4DE8-9C46-1D8C0BD8FF68}.Debug|Any CPU.ActiveCfg = Debug|Any CPU
		{41F506DD-503A-4DE8-9C46-1D8C0BD8FF68}.Debug|Any CPU.Build.0 = Debug|Any CPU
		{41F506DD-503A-4DE8-9C46-1D8C0BD8FF68}.Debug|x64.ActiveCfg = Debug|Any CPU
		{41F506DD-503A-4DE8-9C46-1D8C0BD8FF68}.Debug|x64.Build.0 = Debug|Any CPU
		{41F506DD-503A-4DE8-9C46-1D8C0BD8FF68}.Debug|x86.ActiveCfg = Debug|Any CPU
		{41F506DD-503A-4DE8-9C46-1D8C0BD8FF68}.Debug|x86.Build.0 = Debug|Any CPU
		{41F506DD-503A-4DE8-9C46-1D8C0BD8FF68}.Release|Any CPU.ActiveCfg = Release|Any CPU
		{41F506DD-503A-4DE8-9C46-1D8C0BD8FF68}.Release|Any CPU.Build.0 = Release|Any CPU
		{41F506DD-503A-4DE8-9C46-1D8C0BD8FF68}.Release|x64.ActiveCfg = Release|Any CPU
		{41F506DD-503A-4DE8-9C46-1D8C0BD8FF68}.Release|x64.Build.0 = Release|Any CPU
		{41F506DD-503A-4DE8-9C46-1D8C0BD8FF68}.Release|x86.ActiveCfg = Release|Any CPU
		{41F506DD-503A-4DE8-9C46-1D8C0BD8FF68}.Release|x86.Build.0 = Release|Any CPU
		{0A45485E-20D1-47C9-ABF5-E17AC17197B8}.Debug|Any CPU.ActiveCfg = Debug|Any CPU
		{0A45485E-20D1-47C9-ABF5-E17AC17197B8}.Debug|Any CPU.Build.0 = Debug|Any CPU
		{0A45485E-20D1-47C9-ABF5-E17AC17197B8}.Debug|x64.ActiveCfg = Debug|Any CPU
		{0A45485E-20D1-47C9-ABF5-E17AC17197B8}.Debug|x64.Build.0 = Debug|Any CPU
		{0A45485E-20D1-47C9-ABF5-E17AC17197B8}.Debug|x86.ActiveCfg = Debug|Any CPU
		{0A45485E-20D1-47C9-ABF5-E17AC17197B8}.Debug|x86.Build.0 = Debug|Any CPU
		{0A45485E-20D1-47C9-ABF5-E17AC17197B8}.Release|Any CPU.ActiveCfg = Release|Any CPU
		{0A45485E-20D1-47C9-ABF5-E17AC17197B8}.Release|Any CPU.Build.0 = Release|Any CPU
		{0A45485E-20D1-47C9-ABF5-E17AC17197B8}.Release|x64.ActiveCfg = Release|Any CPU
		{0A45485E-20D1-47C9-ABF5-E17AC17197B8}.Release|x64.Build.0 = Release|Any CPU
		{0A45485E-20D1-47C9-ABF5-E17AC17197B8}.Release|x86.ActiveCfg = Release|Any CPU
		{0A45485E-20D1-47C9-ABF5-E17AC17197B8}.Release|x86.Build.0 = Release|Any CPU
		{3C03A41C-BE4C-40A8-97D5-5DBAC0C34102}.Debug|Any CPU.ActiveCfg = Debug|Any CPU
		{3C03A41C-BE4C-40A8-97D5-5DBAC0C34102}.Debug|Any CPU.Build.0 = Debug|Any CPU
		{3C03A41C-BE4C-40A8-97D5-5DBAC0C34102}.Debug|x64.ActiveCfg = Debug|Any CPU
		{3C03A41C-BE4C-40A8-97D5-5DBAC0C34102}.Debug|x86.ActiveCfg = Debug|Any CPU
		{3C03A41C-BE4C-40A8-97D5-5DBAC0C34102}.Release|Any CPU.ActiveCfg = Release|Any CPU
		{3C03A41C-BE4C-40A8-97D5-5DBAC0C34102}.Release|Any CPU.Build.0 = Release|Any CPU
		{3C03A41C-BE4C-40A8-97D5-5DBAC0C34102}.Release|x64.ActiveCfg = Release|Any CPU
		{3C03A41C-BE4C-40A8-97D5-5DBAC0C34102}.Release|x86.ActiveCfg = Release|Any CPU
		{9A33B236-1A21-4982-9602-0BA230D6A7EE}.Debug|Any CPU.ActiveCfg = Debug|Any CPU
		{9A33B236-1A21-4982-9602-0BA230D6A7EE}.Debug|Any CPU.Build.0 = Debug|Any CPU
		{9A33B236-1A21-4982-9602-0BA230D6A7EE}.Debug|x64.ActiveCfg = Debug|Any CPU
		{9A33B236-1A21-4982-9602-0BA230D6A7EE}.Debug|x64.Build.0 = Debug|Any CPU
		{9A33B236-1A21-4982-9602-0BA230D6A7EE}.Debug|x86.ActiveCfg = Debug|Any CPU
		{9A33B236-1A21-4982-9602-0BA230D6A7EE}.Debug|x86.Build.0 = Debug|Any CPU
		{9A33B236-1A21-4982-9602-0BA230D6A7EE}.Release|Any CPU.ActiveCfg = Release|Any CPU
		{9A33B236-1A21-4982-9602-0BA230D6A7EE}.Release|Any CPU.Build.0 = Release|Any CPU
		{9A33B236-1A21-4982-9602-0BA230D6A7EE}.Release|x64.ActiveCfg = Release|Any CPU
		{9A33B236-1A21-4982-9602-0BA230D6A7EE}.Release|x64.Build.0 = Release|Any CPU
		{9A33B236-1A21-4982-9602-0BA230D6A7EE}.Release|x86.ActiveCfg = Release|Any CPU
		{9A33B236-1A21-4982-9602-0BA230D6A7EE}.Release|x86.Build.0 = Release|Any CPU
		{F60241E7-BFCA-424F-BA65-132B66AEE6E3}.Debug|Any CPU.ActiveCfg = Debug|Any CPU
		{F60241E7-BFCA-424F-BA65-132B66AEE6E3}.Debug|Any CPU.Build.0 = Debug|Any CPU
		{F60241E7-BFCA-424F-BA65-132B66AEE6E3}.Debug|x64.ActiveCfg = Debug|Any CPU
		{F60241E7-BFCA-424F-BA65-132B66AEE6E3}.Debug|x64.Build.0 = Debug|Any CPU
		{F60241E7-BFCA-424F-BA65-132B66AEE6E3}.Debug|x86.ActiveCfg = Debug|Any CPU
		{F60241E7-BFCA-424F-BA65-132B66AEE6E3}.Debug|x86.Build.0 = Debug|Any CPU
		{F60241E7-BFCA-424F-BA65-132B66AEE6E3}.Release|Any CPU.ActiveCfg = Release|Any CPU
		{F60241E7-BFCA-424F-BA65-132B66AEE6E3}.Release|Any CPU.Build.0 = Release|Any CPU
		{F60241E7-BFCA-424F-BA65-132B66AEE6E3}.Release|x64.ActiveCfg = Release|Any CPU
		{F60241E7-BFCA-424F-BA65-132B66AEE6E3}.Release|x64.Build.0 = Release|Any CPU
		{F60241E7-BFCA-424F-BA65-132B66AEE6E3}.Release|x86.ActiveCfg = Release|Any CPU
		{F60241E7-BFCA-424F-BA65-132B66AEE6E3}.Release|x86.Build.0 = Release|Any CPU
		{1FD62E42-FA68-4529-A8A8-815D25CBEDC3}.Debug|Any CPU.ActiveCfg = Debug|Any CPU
		{1FD62E42-FA68-4529-A8A8-815D25CBEDC3}.Debug|Any CPU.Build.0 = Debug|Any CPU
		{1FD62E42-FA68-4529-A8A8-815D25CBEDC3}.Debug|x64.ActiveCfg = Debug|Any CPU
		{1FD62E42-FA68-4529-A8A8-815D25CBEDC3}.Debug|x64.Build.0 = Debug|Any CPU
		{1FD62E42-FA68-4529-A8A8-815D25CBEDC3}.Debug|x86.ActiveCfg = Debug|Any CPU
		{1FD62E42-FA68-4529-A8A8-815D25CBEDC3}.Debug|x86.Build.0 = Debug|Any CPU
		{1FD62E42-FA68-4529-A8A8-815D25CBEDC3}.Release|Any CPU.ActiveCfg = Release|Any CPU
		{1FD62E42-FA68-4529-A8A8-815D25CBEDC3}.Release|Any CPU.Build.0 = Release|Any CPU
		{1FD62E42-FA68-4529-A8A8-815D25CBEDC3}.Release|x64.ActiveCfg = Release|Any CPU
		{1FD62E42-FA68-4529-A8A8-815D25CBEDC3}.Release|x64.Build.0 = Release|Any CPU
		{1FD62E42-FA68-4529-A8A8-815D25CBEDC3}.Release|x86.ActiveCfg = Release|Any CPU
		{1FD62E42-FA68-4529-A8A8-815D25CBEDC3}.Release|x86.Build.0 = Release|Any CPU
		{379D64B2-8E24-442B-9ED7-6A34B371807A}.Debug|Any CPU.ActiveCfg = Debug|Any CPU
		{379D64B2-8E24-442B-9ED7-6A34B371807A}.Debug|Any CPU.Build.0 = Debug|Any CPU
		{379D64B2-8E24-442B-9ED7-6A34B371807A}.Debug|x64.ActiveCfg = Debug|Any CPU
		{379D64B2-8E24-442B-9ED7-6A34B371807A}.Debug|x64.Build.0 = Debug|Any CPU
		{379D64B2-8E24-442B-9ED7-6A34B371807A}.Debug|x86.ActiveCfg = Debug|Any CPU
		{379D64B2-8E24-442B-9ED7-6A34B371807A}.Debug|x86.Build.0 = Debug|Any CPU
		{379D64B2-8E24-442B-9ED7-6A34B371807A}.Release|Any CPU.ActiveCfg = Release|Any CPU
		{379D64B2-8E24-442B-9ED7-6A34B371807A}.Release|Any CPU.Build.0 = Release|Any CPU
		{379D64B2-8E24-442B-9ED7-6A34B371807A}.Release|x64.ActiveCfg = Release|Any CPU
		{379D64B2-8E24-442B-9ED7-6A34B371807A}.Release|x64.Build.0 = Release|Any CPU
		{379D64B2-8E24-442B-9ED7-6A34B371807A}.Release|x86.ActiveCfg = Release|Any CPU
		{379D64B2-8E24-442B-9ED7-6A34B371807A}.Release|x86.Build.0 = Release|Any CPU
		{1CB31C28-5927-48DB-B837-AC1C0EBFE9CB}.Debug|Any CPU.ActiveCfg = Debug|Any CPU
		{1CB31C28-5927-48DB-B837-AC1C0EBFE9CB}.Debug|Any CPU.Build.0 = Debug|Any CPU
		{1CB31C28-5927-48DB-B837-AC1C0EBFE9CB}.Debug|x64.ActiveCfg = Debug|Any CPU
		{1CB31C28-5927-48DB-B837-AC1C0EBFE9CB}.Debug|x64.Build.0 = Debug|Any CPU
		{1CB31C28-5927-48DB-B837-AC1C0EBFE9CB}.Debug|x86.ActiveCfg = Debug|Any CPU
		{1CB31C28-5927-48DB-B837-AC1C0EBFE9CB}.Debug|x86.Build.0 = Debug|Any CPU
		{1CB31C28-5927-48DB-B837-AC1C0EBFE9CB}.Release|Any CPU.ActiveCfg = Release|Any CPU
		{1CB31C28-5927-48DB-B837-AC1C0EBFE9CB}.Release|Any CPU.Build.0 = Release|Any CPU
		{1CB31C28-5927-48DB-B837-AC1C0EBFE9CB}.Release|x64.ActiveCfg = Release|Any CPU
		{1CB31C28-5927-48DB-B837-AC1C0EBFE9CB}.Release|x64.Build.0 = Release|Any CPU
		{1CB31C28-5927-48DB-B837-AC1C0EBFE9CB}.Release|x86.ActiveCfg = Release|Any CPU
		{1CB31C28-5927-48DB-B837-AC1C0EBFE9CB}.Release|x86.Build.0 = Release|Any CPU
		{852235A1-15DB-4BE8-9FB2-DD79AB32D51E}.Debug|Any CPU.ActiveCfg = Debug|Any CPU
		{852235A1-15DB-4BE8-9FB2-DD79AB32D51E}.Debug|Any CPU.Build.0 = Debug|Any CPU
		{852235A1-15DB-4BE8-9FB2-DD79AB32D51E}.Debug|x64.ActiveCfg = Debug|Any CPU
		{852235A1-15DB-4BE8-9FB2-DD79AB32D51E}.Debug|x64.Build.0 = Debug|Any CPU
		{852235A1-15DB-4BE8-9FB2-DD79AB32D51E}.Debug|x86.ActiveCfg = Debug|Any CPU
		{852235A1-15DB-4BE8-9FB2-DD79AB32D51E}.Debug|x86.Build.0 = Debug|Any CPU
		{852235A1-15DB-4BE8-9FB2-DD79AB32D51E}.Release|Any CPU.ActiveCfg = Release|Any CPU
		{852235A1-15DB-4BE8-9FB2-DD79AB32D51E}.Release|Any CPU.Build.0 = Release|Any CPU
		{852235A1-15DB-4BE8-9FB2-DD79AB32D51E}.Release|x64.ActiveCfg = Release|Any CPU
		{852235A1-15DB-4BE8-9FB2-DD79AB32D51E}.Release|x64.Build.0 = Release|Any CPU
		{852235A1-15DB-4BE8-9FB2-DD79AB32D51E}.Release|x86.ActiveCfg = Release|Any CPU
		{852235A1-15DB-4BE8-9FB2-DD79AB32D51E}.Release|x86.Build.0 = Release|Any CPU
		{E79B52AD-0892-4DC1-B266-26AAD998917D}.Debug|Any CPU.ActiveCfg = Debug|Any CPU
		{E79B52AD-0892-4DC1-B266-26AAD998917D}.Debug|Any CPU.Build.0 = Debug|Any CPU
		{E79B52AD-0892-4DC1-B266-26AAD998917D}.Debug|x64.ActiveCfg = Debug|Any CPU
		{E79B52AD-0892-4DC1-B266-26AAD998917D}.Debug|x64.Build.0 = Debug|Any CPU
		{E79B52AD-0892-4DC1-B266-26AAD998917D}.Debug|x86.ActiveCfg = Debug|Any CPU
		{E79B52AD-0892-4DC1-B266-26AAD998917D}.Debug|x86.Build.0 = Debug|Any CPU
		{E79B52AD-0892-4DC1-B266-26AAD998917D}.Release|Any CPU.ActiveCfg = Release|Any CPU
		{E79B52AD-0892-4DC1-B266-26AAD998917D}.Release|Any CPU.Build.0 = Release|Any CPU
		{E79B52AD-0892-4DC1-B266-26AAD998917D}.Release|x64.ActiveCfg = Release|Any CPU
		{E79B52AD-0892-4DC1-B266-26AAD998917D}.Release|x64.Build.0 = Release|Any CPU
		{E79B52AD-0892-4DC1-B266-26AAD998917D}.Release|x86.ActiveCfg = Release|Any CPU
		{E79B52AD-0892-4DC1-B266-26AAD998917D}.Release|x86.Build.0 = Release|Any CPU
		{BF91D7A7-E09C-4405-A975-D75CA2C0C1E7}.Debug|Any CPU.ActiveCfg = Debug|Any CPU
		{BF91D7A7-E09C-4405-A975-D75CA2C0C1E7}.Debug|Any CPU.Build.0 = Debug|Any CPU
		{BF91D7A7-E09C-4405-A975-D75CA2C0C1E7}.Debug|x64.ActiveCfg = Debug|Any CPU
		{BF91D7A7-E09C-4405-A975-D75CA2C0C1E7}.Debug|x64.Build.0 = Debug|Any CPU
		{BF91D7A7-E09C-4405-A975-D75CA2C0C1E7}.Debug|x86.ActiveCfg = Debug|Any CPU
		{BF91D7A7-E09C-4405-A975-D75CA2C0C1E7}.Debug|x86.Build.0 = Debug|Any CPU
		{BF91D7A7-E09C-4405-A975-D75CA2C0C1E7}.Release|Any CPU.ActiveCfg = Release|Any CPU
		{BF91D7A7-E09C-4405-A975-D75CA2C0C1E7}.Release|Any CPU.Build.0 = Release|Any CPU
		{BF91D7A7-E09C-4405-A975-D75CA2C0C1E7}.Release|x64.ActiveCfg = Release|Any CPU
		{BF91D7A7-E09C-4405-A975-D75CA2C0C1E7}.Release|x64.Build.0 = Release|Any CPU
		{BF91D7A7-E09C-4405-A975-D75CA2C0C1E7}.Release|x86.ActiveCfg = Release|Any CPU
		{BF91D7A7-E09C-4405-A975-D75CA2C0C1E7}.Release|x86.Build.0 = Release|Any CPU
		{5031B196-5DD9-4C68-AE99-86322D513B15}.Debug|Any CPU.ActiveCfg = Debug|Any CPU
		{5031B196-5DD9-4C68-AE99-86322D513B15}.Debug|Any CPU.Build.0 = Debug|Any CPU
		{5031B196-5DD9-4C68-AE99-86322D513B15}.Debug|x64.ActiveCfg = Debug|Any CPU
		{5031B196-5DD9-4C68-AE99-86322D513B15}.Debug|x64.Build.0 = Debug|Any CPU
		{5031B196-5DD9-4C68-AE99-86322D513B15}.Debug|x86.ActiveCfg = Debug|Any CPU
		{5031B196-5DD9-4C68-AE99-86322D513B15}.Debug|x86.Build.0 = Debug|Any CPU
		{5031B196-5DD9-4C68-AE99-86322D513B15}.Release|Any CPU.ActiveCfg = Release|Any CPU
		{5031B196-5DD9-4C68-AE99-86322D513B15}.Release|Any CPU.Build.0 = Release|Any CPU
		{5031B196-5DD9-4C68-AE99-86322D513B15}.Release|x64.ActiveCfg = Release|Any CPU
		{5031B196-5DD9-4C68-AE99-86322D513B15}.Release|x64.Build.0 = Release|Any CPU
		{5031B196-5DD9-4C68-AE99-86322D513B15}.Release|x86.ActiveCfg = Release|Any CPU
		{5031B196-5DD9-4C68-AE99-86322D513B15}.Release|x86.Build.0 = Release|Any CPU
		{660B43DE-9559-4775-B7A2-B0E5434BDCEC}.Debug|Any CPU.ActiveCfg = Debug|Any CPU
		{660B43DE-9559-4775-B7A2-B0E5434BDCEC}.Debug|Any CPU.Build.0 = Debug|Any CPU
		{660B43DE-9559-4775-B7A2-B0E5434BDCEC}.Debug|x64.ActiveCfg = Debug|Any CPU
		{660B43DE-9559-4775-B7A2-B0E5434BDCEC}.Debug|x64.Build.0 = Debug|Any CPU
		{660B43DE-9559-4775-B7A2-B0E5434BDCEC}.Debug|x86.ActiveCfg = Debug|Any CPU
		{660B43DE-9559-4775-B7A2-B0E5434BDCEC}.Debug|x86.Build.0 = Debug|Any CPU
		{660B43DE-9559-4775-B7A2-B0E5434BDCEC}.Release|Any CPU.ActiveCfg = Release|Any CPU
		{660B43DE-9559-4775-B7A2-B0E5434BDCEC}.Release|Any CPU.Build.0 = Release|Any CPU
		{660B43DE-9559-4775-B7A2-B0E5434BDCEC}.Release|x64.ActiveCfg = Release|Any CPU
		{660B43DE-9559-4775-B7A2-B0E5434BDCEC}.Release|x64.Build.0 = Release|Any CPU
		{660B43DE-9559-4775-B7A2-B0E5434BDCEC}.Release|x86.ActiveCfg = Release|Any CPU
		{660B43DE-9559-4775-B7A2-B0E5434BDCEC}.Release|x86.Build.0 = Release|Any CPU
	EndGlobalSection
	GlobalSection(SolutionProperties) = preSolution
		HideSolutionNode = FALSE
	EndGlobalSection
	GlobalSection(NestedProjects) = preSolution
		{F60241E7-BFCA-424F-BA65-132B66AEE6E3} = {4C026661-3E3D-4A83-9B86-09358775DF18}
		{1FD62E42-FA68-4529-A8A8-815D25CBEDC3} = {4C026661-3E3D-4A83-9B86-09358775DF18}
		{379D64B2-8E24-442B-9ED7-6A34B371807A} = {4C026661-3E3D-4A83-9B86-09358775DF18}
		{1CB31C28-5927-48DB-B837-AC1C0EBFE9CB} = {4C026661-3E3D-4A83-9B86-09358775DF18}
		{852235A1-15DB-4BE8-9FB2-DD79AB32D51E} = {4C026661-3E3D-4A83-9B86-09358775DF18}
		{E79B52AD-0892-4DC1-B266-26AAD998917D} = {4C026661-3E3D-4A83-9B86-09358775DF18}
		{BF91D7A7-E09C-4405-A975-D75CA2C0C1E7} = {8E3F389B-4200-4C96-B539-856AD2C5EBED}
	EndGlobalSection
	GlobalSection(ExtensibilityGlobals) = postSolution
		SolutionGuid = {65E1617F-DC08-4C86-AD3A-EA4DB61AC8E1}
	EndGlobalSection
EndGlobal
