
Microsoft Visual Studio Solution File, Format Version 12.00
# Visual Studio Version 16
VisualStudioVersion = 16.0.29728.190
MinimumVisualStudioVersion = 10.0.40219.1
Project("{FAE04EC0-301F-11D3-BF4B-00C04F79EFBC}") = "Common", "Common\Common.csproj", "{41F506DD-503A-4DE8-9C46-1D8C0BD8FF68}"
EndProject
Project("{2150E333-8FDC-42A3-9474-1A3956D46DE8}") = "GUI", "GUI", "{28682DC3-9C65-4AE6-B33E-71D12B55FC57}"
EndProject
Project("{FAE04EC0-301F-11D3-BF4B-00C04F79EFBC}") = "GUI", "GUI\GUI.csproj", "{876C732A-7D58-4851-AB3B-3D809AEDA458}"
EndProject
Project("{FAE04EC0-301F-11D3-BF4B-00C04F79EFBC}") = "NMS", "NMS\NMS.csproj", "{0A45485E-20D1-47C9-ABF5-E17AC17197B8}"
EndProject
Project("{FAE04EC0-301F-11D3-BF4B-00C04F79EFBC}") = "CIMParser", "CIMParser\CIMParser.csproj", "{3C03A41C-BE4C-40A8-97D5-5DBAC0C34102}"
EndProject
Project("{FAE04EC0-301F-11D3-BF4B-00C04F79EFBC}") = "Importer", "Importer\Importer.csproj", "{FF4FE822-2C90-40FA-86BF-6787E561E121}"
EndProject
Project("{2150E333-8FDC-42A3-9474-1A3956D46DE8}") = "TM", "TM", "{8885ADFC-C3A9-4BA5-8800-1F2ACE736F4D}"
EndProject
Project("{FAE04EC0-301F-11D3-BF4B-00C04F79EFBC}") = "TransactionManager", "TransactionManager\TransactionManager.csproj", "{852BB905-3798-415E-B13A-7737F08BE04A}"
EndProject
Project("{FAE04EC0-301F-11D3-BF4B-00C04F79EFBC}") = "TransactionManagerService", "TransactionManagerService\TransactionManagerService.csproj", "{D75BC115-F0D6-4940-8CAD-8AC332FED79E}"
EndProject
Global
	GlobalSection(SolutionConfigurationPlatforms) = preSolution
		Debug|Any CPU = Debug|Any CPU
		Debug|x64 = Debug|x64
		Debug|x86 = Debug|x86
		Release|Any CPU = Release|Any CPU
		Release|x64 = Release|x64
		Release|x86 = Release|x86
	EndGlobalSection
	GlobalSection(ProjectConfigurationPlatforms) = postSolution
		{41F506DD-503A-4DE8-9C46-1D8C0BD8FF68}.Debug|Any CPU.ActiveCfg = Debug|Any CPU
		{41F506DD-503A-4DE8-9C46-1D8C0BD8FF68}.Debug|Any CPU.Build.0 = Debug|Any CPU
		{41F506DD-503A-4DE8-9C46-1D8C0BD8FF68}.Debug|x64.ActiveCfg = Debug|Any CPU
		{41F506DD-503A-4DE8-9C46-1D8C0BD8FF68}.Debug|x64.Build.0 = Debug|Any CPU
		{41F506DD-503A-4DE8-9C46-1D8C0BD8FF68}.Debug|x86.ActiveCfg = Debug|Any CPU
		{41F506DD-503A-4DE8-9C46-1D8C0BD8FF68}.Debug|x86.Build.0 = Debug|Any CPU
		{41F506DD-503A-4DE8-9C46-1D8C0BD8FF68}.Release|Any CPU.ActiveCfg = Release|Any CPU
		{41F506DD-503A-4DE8-9C46-1D8C0BD8FF68}.Release|Any CPU.Build.0 = Release|Any CPU
		{41F506DD-503A-4DE8-9C46-1D8C0BD8FF68}.Release|x64.ActiveCfg = Release|Any CPU
		{41F506DD-503A-4DE8-9C46-1D8C0BD8FF68}.Release|x64.Build.0 = Release|Any CPU
		{41F506DD-503A-4DE8-9C46-1D8C0BD8FF68}.Release|x86.ActiveCfg = Release|Any CPU
		{41F506DD-503A-4DE8-9C46-1D8C0BD8FF68}.Release|x86.Build.0 = Release|Any CPU
		{876C732A-7D58-4851-AB3B-3D809AEDA458}.Debug|Any CPU.ActiveCfg = Debug|Any CPU
		{876C732A-7D58-4851-AB3B-3D809AEDA458}.Debug|Any CPU.Build.0 = Debug|Any CPU
		{876C732A-7D58-4851-AB3B-3D809AEDA458}.Debug|x64.ActiveCfg = Debug|Any CPU
		{876C732A-7D58-4851-AB3B-3D809AEDA458}.Debug|x64.Build.0 = Debug|Any CPU
		{876C732A-7D58-4851-AB3B-3D809AEDA458}.Debug|x86.ActiveCfg = Debug|Any CPU
		{876C732A-7D58-4851-AB3B-3D809AEDA458}.Debug|x86.Build.0 = Debug|Any CPU
		{876C732A-7D58-4851-AB3B-3D809AEDA458}.Release|Any CPU.ActiveCfg = Release|Any CPU
		{876C732A-7D58-4851-AB3B-3D809AEDA458}.Release|Any CPU.Build.0 = Release|Any CPU
		{876C732A-7D58-4851-AB3B-3D809AEDA458}.Release|x64.ActiveCfg = Release|Any CPU
		{876C732A-7D58-4851-AB3B-3D809AEDA458}.Release|x64.Build.0 = Release|Any CPU
		{876C732A-7D58-4851-AB3B-3D809AEDA458}.Release|x86.ActiveCfg = Release|Any CPU
		{876C732A-7D58-4851-AB3B-3D809AEDA458}.Release|x86.Build.0 = Release|Any CPU
		{0A45485E-20D1-47C9-ABF5-E17AC17197B8}.Debug|Any CPU.ActiveCfg = Debug|Any CPU
		{0A45485E-20D1-47C9-ABF5-E17AC17197B8}.Debug|Any CPU.Build.0 = Debug|Any CPU
		{0A45485E-20D1-47C9-ABF5-E17AC17197B8}.Debug|x64.ActiveCfg = Debug|Any CPU
		{0A45485E-20D1-47C9-ABF5-E17AC17197B8}.Debug|x64.Build.0 = Debug|Any CPU
		{0A45485E-20D1-47C9-ABF5-E17AC17197B8}.Debug|x86.ActiveCfg = Debug|Any CPU
		{0A45485E-20D1-47C9-ABF5-E17AC17197B8}.Debug|x86.Build.0 = Debug|Any CPU
		{0A45485E-20D1-47C9-ABF5-E17AC17197B8}.Release|Any CPU.ActiveCfg = Release|Any CPU
		{0A45485E-20D1-47C9-ABF5-E17AC17197B8}.Release|Any CPU.Build.0 = Release|Any CPU
		{0A45485E-20D1-47C9-ABF5-E17AC17197B8}.Release|x64.ActiveCfg = Release|Any CPU
		{0A45485E-20D1-47C9-ABF5-E17AC17197B8}.Release|x64.Build.0 = Release|Any CPU
		{0A45485E-20D1-47C9-ABF5-E17AC17197B8}.Release|x86.ActiveCfg = Release|Any CPU
		{0A45485E-20D1-47C9-ABF5-E17AC17197B8}.Release|x86.Build.0 = Release|Any CPU
		{3C03A41C-BE4C-40A8-97D5-5DBAC0C34102}.Debug|Any CPU.ActiveCfg = Debug|Any CPU
		{3C03A41C-BE4C-40A8-97D5-5DBAC0C34102}.Debug|Any CPU.Build.0 = Debug|Any CPU
		{3C03A41C-BE4C-40A8-97D5-5DBAC0C34102}.Debug|x64.ActiveCfg = Debug|Any CPU
		{3C03A41C-BE4C-40A8-97D5-5DBAC0C34102}.Debug|x86.ActiveCfg = Debug|Any CPU
		{3C03A41C-BE4C-40A8-97D5-5DBAC0C34102}.Release|Any CPU.ActiveCfg = Release|Any CPU
		{3C03A41C-BE4C-40A8-97D5-5DBAC0C34102}.Release|Any CPU.Build.0 = Release|Any CPU
		{3C03A41C-BE4C-40A8-97D5-5DBAC0C34102}.Release|x64.ActiveCfg = Release|Any CPU
		{3C03A41C-BE4C-40A8-97D5-5DBAC0C34102}.Release|x86.ActiveCfg = Release|Any CPU
		{FF4FE822-2C90-40FA-86BF-6787E561E121}.Debug|Any CPU.ActiveCfg = Debug|Any CPU
		{FF4FE822-2C90-40FA-86BF-6787E561E121}.Debug|Any CPU.Build.0 = Debug|Any CPU
		{FF4FE822-2C90-40FA-86BF-6787E561E121}.Debug|x64.ActiveCfg = Debug|Any CPU
		{FF4FE822-2C90-40FA-86BF-6787E561E121}.Debug|x64.Build.0 = Debug|Any CPU
		{FF4FE822-2C90-40FA-86BF-6787E561E121}.Debug|x86.ActiveCfg = Debug|Any CPU
		{FF4FE822-2C90-40FA-86BF-6787E561E121}.Debug|x86.Build.0 = Debug|Any CPU
		{FF4FE822-2C90-40FA-86BF-6787E561E121}.Release|Any CPU.ActiveCfg = Release|Any CPU
		{FF4FE822-2C90-40FA-86BF-6787E561E121}.Release|Any CPU.Build.0 = Release|Any CPU
		{FF4FE822-2C90-40FA-86BF-6787E561E121}.Release|x64.ActiveCfg = Release|Any CPU
		{FF4FE822-2C90-40FA-86BF-6787E561E121}.Release|x64.Build.0 = Release|Any CPU
		{FF4FE822-2C90-40FA-86BF-6787E561E121}.Release|x86.ActiveCfg = Release|Any CPU
		{FF4FE822-2C90-40FA-86BF-6787E561E121}.Release|x86.Build.0 = Release|Any CPU
		{852BB905-3798-415E-B13A-7737F08BE04A}.Debug|Any CPU.ActiveCfg = Debug|Any CPU
		{852BB905-3798-415E-B13A-7737F08BE04A}.Debug|Any CPU.Build.0 = Debug|Any CPU
		{852BB905-3798-415E-B13A-7737F08BE04A}.Debug|x64.ActiveCfg = Debug|Any CPU
		{852BB905-3798-415E-B13A-7737F08BE04A}.Debug|x64.Build.0 = Debug|Any CPU
		{852BB905-3798-415E-B13A-7737F08BE04A}.Debug|x86.ActiveCfg = Debug|Any CPU
		{852BB905-3798-415E-B13A-7737F08BE04A}.Debug|x86.Build.0 = Debug|Any CPU
		{852BB905-3798-415E-B13A-7737F08BE04A}.Release|Any CPU.ActiveCfg = Release|Any CPU
		{852BB905-3798-415E-B13A-7737F08BE04A}.Release|Any CPU.Build.0 = Release|Any CPU
		{852BB905-3798-415E-B13A-7737F08BE04A}.Release|x64.ActiveCfg = Release|Any CPU
		{852BB905-3798-415E-B13A-7737F08BE04A}.Release|x64.Build.0 = Release|Any CPU
		{852BB905-3798-415E-B13A-7737F08BE04A}.Release|x86.ActiveCfg = Release|Any CPU
		{852BB905-3798-415E-B13A-7737F08BE04A}.Release|x86.Build.0 = Release|Any CPU
		{D75BC115-F0D6-4940-8CAD-8AC332FED79E}.Debug|Any CPU.ActiveCfg = Debug|Any CPU
		{D75BC115-F0D6-4940-8CAD-8AC332FED79E}.Debug|Any CPU.Build.0 = Debug|Any CPU
		{D75BC115-F0D6-4940-8CAD-8AC332FED79E}.Debug|x64.ActiveCfg = Debug|Any CPU
		{D75BC115-F0D6-4940-8CAD-8AC332FED79E}.Debug|x64.Build.0 = Debug|Any CPU
		{D75BC115-F0D6-4940-8CAD-8AC332FED79E}.Debug|x86.ActiveCfg = Debug|Any CPU
		{D75BC115-F0D6-4940-8CAD-8AC332FED79E}.Debug|x86.Build.0 = Debug|Any CPU
		{D75BC115-F0D6-4940-8CAD-8AC332FED79E}.Release|Any CPU.ActiveCfg = Release|Any CPU
		{D75BC115-F0D6-4940-8CAD-8AC332FED79E}.Release|Any CPU.Build.0 = Release|Any CPU
		{D75BC115-F0D6-4940-8CAD-8AC332FED79E}.Release|x64.ActiveCfg = Release|Any CPU
		{D75BC115-F0D6-4940-8CAD-8AC332FED79E}.Release|x64.Build.0 = Release|Any CPU
		{D75BC115-F0D6-4940-8CAD-8AC332FED79E}.Release|x86.ActiveCfg = Release|Any CPU
		{D75BC115-F0D6-4940-8CAD-8AC332FED79E}.Release|x86.Build.0 = Release|Any CPU
	EndGlobalSection
	GlobalSection(SolutionProperties) = preSolution
		HideSolutionNode = FALSE
	EndGlobalSection
	GlobalSection(NestedProjects) = preSolution
		{876C732A-7D58-4851-AB3B-3D809AEDA458} = {28682DC3-9C65-4AE6-B33E-71D12B55FC57}
		{852BB905-3798-415E-B13A-7737F08BE04A} = {8885ADFC-C3A9-4BA5-8800-1F2ACE736F4D}
		{D75BC115-F0D6-4940-8CAD-8AC332FED79E} = {8885ADFC-C3A9-4BA5-8800-1F2ACE736F4D}
	EndGlobalSection
	GlobalSection(ExtensibilityGlobals) = postSolution
		SolutionGuid = {65E1617F-DC08-4C86-AD3A-EA4DB61AC8E1}
	EndGlobalSection
EndGlobal
